
Microsoft Visual Studio Solution File, Format Version 12.00
# Visual Studio Version 17
VisualStudioVersion = 17.8.34525.116
MinimumVisualStudioVersion = 10.0.40219.1
Project("{FAE04EC0-301F-11D3-BF4B-00C04F79EFBC}") = "FileManagement", "FileManagement.csproj", "{1DF61BDE-E7EC-4D28-B9F5-073D8D6F139D}"
EndProject
Global
	GlobalSection(SolutionConfigurationPlatforms) = preSolution
		Debug|Any CPU = Debug|Any CPU
		Release|Any CPU = Release|Any CPU
	EndGlobalSection
	GlobalSection(ProjectConfigurationPlatforms) = postSolution
		{1DF61BDE-E7EC-4D28-B9F5-073D8D6F139D}.Debug|Any CPU.ActiveCfg = Debug|Any CPU
		{1DF61BDE-E7EC-4D28-B9F5-073D8D6F139D}.Debug|Any CPU.Build.0 = Debug|Any CPU
		{1DF61BDE-E7EC-4D28-B9F5-073D8D6F139D}.Release|Any CPU.ActiveCfg = Release|Any CPU
		{1DF61BDE-E7EC-4D28-B9F5-073D8D6F139D}.Release|Any CPU.Build.0 = Release|Any CPU
	EndGlobalSection
	GlobalSection(SolutionProperties) = preSolution
		HideSolutionNode = FALSE
	EndGlobalSection
	GlobalSection(ExtensibilityGlobals) = postSolution
		SolutionGuid = {DDABAF8D-FC33-4019-8C37-F687880B75C3}
	EndGlobalSection
EndGlobal
